{
  "name": "Blog-Main",
  "lockfileVersion": 3,
  "requires": true,
  "packages": {
    "": {
      "dependencies": {
        "@hono/zod-openapi": "^0.14.1",
        "zod": "^3.23.8",
        "zod-openapi": "^2.18.0"
      }
    },
    "node_modules/@asteasolutions/zod-to-openapi": {
      "version": "7.0.0",
      "resolved": "https://registry.npmjs.org/@asteasolutions/zod-to-openapi/-/zod-to-openapi-7.0.0.tgz",
      "integrity": "sha512-rJRKHD2m6nUb/9ZheeN8nqOURX24WTzY8Sex1ZKT0Kpx+xfpRcD0fTD6vEeXNHGaDGxzu65Jj/jb2x6nLTjcMw==",
      "dependencies": {
        "openapi3-ts": "^4.1.2"
      },
      "peerDependencies": {
        "zod": "^3.20.2"
      }
    },
    "node_modules/@hono/zod-openapi": {
      "version": "0.14.1",
      "resolved": "https://registry.npmjs.org/@hono/zod-openapi/-/zod-openapi-0.14.1.tgz",
      "integrity": "sha512-17mv7REaArpuEOhC6DcZRHqZlO74+SAxrQWEaM05vMRobiEmFl0xahwNYItHPnAkcxPYEKWZDajasIq4ZP6fAw==",
      "dependencies": {
        "@asteasolutions/zod-to-openapi": "^7.0.0",
        "@hono/zod-validator": "0.2.1"
      },
      "engines": {
        "node": ">=16.0.0"
      },
      "peerDependencies": {
        "hono": ">=4.3.6",
        "zod": "3.*"
      }
    },
    "node_modules/@hono/zod-validator": {
      "version": "0.2.1",
      "resolved": "https://registry.npmjs.org/@hono/zod-validator/-/zod-validator-0.2.1.tgz",
      "integrity": "sha512-HFoxln7Q6JsE64qz2WBS28SD33UB2alp3aRKmcWnNLDzEL1BLsWfbdX6e1HIiUprHYTIXf5y7ax8eYidKUwyaA==",
      "peerDependencies": {
        "hono": ">=3.9.0",
        "zod": "^3.19.1"
      }
    },
    "node_modules/hono": {
      "version": "4.4.2",
      "resolved": "https://registry.npmjs.org/hono/-/hono-4.4.2.tgz",
      "integrity": "sha512-bRhZ+BM9r04lRN2i9wiZ18yQNbZxHsmmRIItoAb43nRkHnIDsFhFh4mJ0seEs06FvenibpAgSVNHQ8ZzcDQx2A==",
      "peer": true,
      "engines": {
        "node": ">=16.0.0"
      }
    },
    "node_modules/openapi3-ts": {
      "version": "4.3.2",
      "resolved": "https://registry.npmjs.org/openapi3-ts/-/openapi3-ts-4.3.2.tgz",
      "integrity": "sha512-IvKNb3hPHwfuyVJnseTsFvZ0DO2EODpitYMsLcmfVwJ2p41zAHh2VDConzLLEB5h5YFbne9vv1zZxCeUICYZ8A==",
      "dependencies": {
        "yaml": "^2.4.2"
      }
    },
    "node_modules/yaml": {
      "version": "2.4.3",
      "resolved": "https://registry.npmjs.org/yaml/-/yaml-2.4.3.tgz",
      "integrity": "sha512-sntgmxj8o7DE7g/Qi60cqpLBA3HG3STcDA0kO+WfB05jEKhZMbY7umNm2rBpQvsmZ16/lPXCJGW2672dgOUkrg==",
      "bin": {
        "yaml": "bin.mjs"
      },
      "engines": {
        "node": ">= 14"
      }
    },
    "node_modules/zod": {
      "version": "3.23.8",
      "resolved": "https://registry.npmjs.org/zod/-/zod-3.23.8.tgz",
      "integrity": "sha512-XBx9AXhXktjUqnepgTiE5flcKIYWi/rme0Eaj+5Y0lftuGBq+jyRu/md4WnuxqgP1ubdpNCsYEYPxrzVHD8d6g==",
      "funding": {
        "url": "https://github.com/sponsors/colinhacks"
      }
    },
    "node_modules/zod-openapi": {
      "version": "2.18.0",
      "resolved": "https://registry.npmjs.org/zod-openapi/-/zod-openapi-2.18.0.tgz",
      "integrity": "sha512-+NSd+hG8JFzsmrfYSmbCp4TFCGq9YH6R/3qmD6WnF1ywomgpwxWv6lDg1yrXg0z80p6DPQrsII+V02vWaMHG7A==",
      "engines": {
        "node": ">=16.11"
      },
      "peerDependencies": {
        "zod": "^3.21.4"
      }
    }
  }
}
